
Microsoft Visual Studio Solution File, Format Version 12.00
# Visual Studio 15
VisualStudioVersion = 15.0.28307.168
MinimumVisualStudioVersion = 10.0.40219.1
Project("{FAE04EC0-301F-11D3-BF4B-00C04F79EFBC}") = "NoSqlWebApp", "NoSqlWebApp\NoSqlWebApp.csproj", "{DFDA9788-B4E9-4019-9079-B84DDE145FAE}"
EndProject
Global
	GlobalSection(SolutionConfigurationPlatforms) = preSolution
		Debug|Any CPU = Debug|Any CPU
		Release|Any CPU = Release|Any CPU
	EndGlobalSection
	GlobalSection(ProjectConfigurationPlatforms) = postSolution
		{DFDA9788-B4E9-4019-9079-B84DDE145FAE}.Debug|Any CPU.ActiveCfg = Debug|Any CPU
		{DFDA9788-B4E9-4019-9079-B84DDE145FAE}.Debug|Any CPU.Build.0 = Debug|Any CPU
		{DFDA9788-B4E9-4019-9079-B84DDE145FAE}.Release|Any CPU.ActiveCfg = Release|Any CPU
		{DFDA9788-B4E9-4019-9079-B84DDE145FAE}.Release|Any CPU.Build.0 = Release|Any CPU
	EndGlobalSection
	GlobalSection(SolutionProperties) = preSolution
		HideSolutionNode = FALSE
	EndGlobalSection
	GlobalSection(ExtensibilityGlobals) = postSolution
		SolutionGuid = {6AFA8C74-B6AA-4A16-8788-C660B8CADCD8}
	EndGlobalSection
EndGlobal
